// !$*UTF8*$!
{
	archiveVersion = 1;
	classes = {
	};
	objectVersion = 55;
	objects = {

/* Begin PBXBuildFile section */
		D40D0E0B27EE4564005F10CD /* PeopleListInformationProvider.swift in Sources */ = {isa = PBXBuildFile; fileRef = D40D0E0A27EE4564005F10CD /* PeopleListInformationProvider.swift */; };
		D40D0E0D27EE45BE005F10CD /* PeopleRepository.swift in Sources */ = {isa = PBXBuildFile; fileRef = D40D0E0C27EE45BE005F10CD /* PeopleRepository.swift */; };
		D4222DEC282F05FD00F10672 /* FriendCell.swift in Sources */ = {isa = PBXBuildFile; fileRef = D4222DEB282F05FD00F10672 /* FriendCell.swift */; };
		D426BFA427F883A500A11E9A /* PeopleLocalSource.swift in Sources */ = {isa = PBXBuildFile; fileRef = D426BFA327F883A500A11E9A /* PeopleLocalSource.swift */; };
		D426BFA727F8848000A11E9A /* Alamofire in Frameworks */ = {isa = PBXBuildFile; productRef = D426BFA627F8848000A11E9A /* Alamofire */; };
		D426BFA927F8900200A11E9A /* Result.swift in Sources */ = {isa = PBXBuildFile; fileRef = D426BFA827F8900200A11E9A /* Result.swift */; };
		D426BFAB27F896D900A11E9A /* NetworkModels.swift in Sources */ = {isa = PBXBuildFile; fileRef = D426BFAA27F896D900A11E9A /* NetworkModels.swift */; };
		D440D0FF27E445A00045DEF2 /* TextComponents.swift in Sources */ = {isa = PBXBuildFile; fileRef = D440D0FE27E445A00045DEF2 /* TextComponents.swift */; };
		D4583BCD27E6EE14004A2416 /* Person.swift in Sources */ = {isa = PBXBuildFile; fileRef = D4583BCC27E6EE14004A2416 /* Person.swift */; };
		D4583BD027E6EE6B004A2416 /* Swinject in Frameworks */ = {isa = PBXBuildFile; productRef = D4583BCF27E6EE6B004A2416 /* Swinject */; };
		D4583BD627E6EEDB004A2416 /* ViewModel.swift in Sources */ = {isa = PBXBuildFile; fileRef = D4583BD527E6EEDB004A2416 /* ViewModel.swift */; };
		D4583BD927E6EF1D004A2416 /* PersonListViewModel.swift in Sources */ = {isa = PBXBuildFile; fileRef = D4583BD827E6EF1D004A2416 /* PersonListViewModel.swift */; };
		D4583BDB27E6EFCC004A2416 /* Injector.swift in Sources */ = {isa = PBXBuildFile; fileRef = D4583BDA27E6EFCC004A2416 /* Injector.swift */; };
		D4583BDE27E6F3DE004A2416 /* PersonDetailViewController.swift in Sources */ = {isa = PBXBuildFile; fileRef = D4583BDD27E6F3DE004A2416 /* PersonDetailViewController.swift */; };
		D4583BE127E707D1004A2416 /* Color.swift in Sources */ = {isa = PBXBuildFile; fileRef = D4583BE027E707D1004A2416 /* Color.swift */; };
		D45C0D8127DC03BB00B75D4A /* AppDelegate.swift in Sources */ = {isa = PBXBuildFile; fileRef = D45C0D8027DC03BB00B75D4A /* AppDelegate.swift */; };
		D45C0D8327DC03BB00B75D4A /* SceneDelegate.swift in Sources */ = {isa = PBXBuildFile; fileRef = D45C0D8227DC03BB00B75D4A /* SceneDelegate.swift */; };
		D45C0D8527DC03BB00B75D4A /* ViewController.swift in Sources */ = {isa = PBXBuildFile; fileRef = D45C0D8427DC03BB00B75D4A /* ViewController.swift */; };
		D45C0D8A27DC03BF00B75D4A /* Assets.xcassets in Resources */ = {isa = PBXBuildFile; fileRef = D45C0D8927DC03BF00B75D4A /* Assets.xcassets */; };
		D45C0D8D27DC03BF00B75D4A /* LaunchScreen.storyboard in Resources */ = {isa = PBXBuildFile; fileRef = D45C0D8B27DC03BF00B75D4A /* LaunchScreen.storyboard */; };
		D45C0D9827DC03BF00B75D4A /* meepTests.swift in Sources */ = {isa = PBXBuildFile; fileRef = D45C0D9727DC03BF00B75D4A /* meepTests.swift */; };
		D45C0DA227DC03BF00B75D4A /* meepUITests.swift in Sources */ = {isa = PBXBuildFile; fileRef = D45C0DA127DC03BF00B75D4A /* meepUITests.swift */; };
		D45C0DA427DC03BF00B75D4A /* meepUITestsLaunchTests.swift in Sources */ = {isa = PBXBuildFile; fileRef = D45C0DA327DC03BF00B75D4A /* meepUITestsLaunchTests.swift */; };
		D45C0DB327DC157700B75D4A /* Extentions.swift in Sources */ = {isa = PBXBuildFile; fileRef = D45C0DB227DC157700B75D4A /* Extentions.swift */; };
		D45C0DB627DC190900B75D4A /* SnapKit in Frameworks */ = {isa = PBXBuildFile; productRef = D45C0DB527DC190900B75D4A /* SnapKit */; };
		D46D502C281BB1CC004C71DC /* PersonDetailViewModel.swift in Sources */ = {isa = PBXBuildFile; fileRef = D46D502B281BB1CC004C71DC /* PersonDetailViewModel.swift */; };
		D46D502E281BB494004C71DC /* PersonDetailInfoProvider.swift in Sources */ = {isa = PBXBuildFile; fileRef = D46D502D281BB494004C71DC /* PersonDetailInfoProvider.swift */; };
		D46D5030281BB4EB004C71DC /* PersonDetail.swift in Sources */ = {isa = PBXBuildFile; fileRef = D46D502F281BB4EB004C71DC /* PersonDetail.swift */; };
		D489DE022802B8AA006FA729 /* PeopleDatabase.swift in Sources */ = {isa = PBXBuildFile; fileRef = D489DE012802B8AA006FA729 /* PeopleDatabase.swift */; };
		D489DE042802BF0E006FA729 /* UserEntity.swift in Sources */ = {isa = PBXBuildFile; fileRef = D489DE032802BF0E006FA729 /* UserEntity.swift */; };
		D48FE79127F7B51C00CCFBF1 /* PeopleNetworlAPI.swift in Sources */ = {isa = PBXBuildFile; fileRef = D48FE79027F7B51C00CCFBF1 /* PeopleNetworlAPI.swift */; };
		D48FE79527F7B56B00CCFBF1 /* RandomUserClient.swift in Sources */ = {isa = PBXBuildFile; fileRef = D48FE79427F7B56B00CCFBF1 /* RandomUserClient.swift */; };
		D48FE79727F7B5C500CCFBF1 /* PeopleLocalAPI.swift in Sources */ = {isa = PBXBuildFile; fileRef = D48FE79627F7B5C500CCFBF1 /* PeopleLocalAPI.swift */; };
		D491F134281EC53200C325A9 /* PersonSearchViewController.swift in Sources */ = {isa = PBXBuildFile; fileRef = D491F133281EC53200C325A9 /* PersonSearchViewController.swift */; };
		D491F137281EC6E100C325A9 /* ProfileViewController.swift in Sources */ = {isa = PBXBuildFile; fileRef = D491F136281EC6E100C325A9 /* ProfileViewController.swift */; };
		D4991F6328247115003B07B6 /* PersonSearchViewModel.swift in Sources */ = {isa = PBXBuildFile; fileRef = D4991F6228247115003B07B6 /* PersonSearchViewModel.swift */; };
		D4A12FD62800DCDC003BF080 /* SQLite in Frameworks */ = {isa = PBXBuildFile; productRef = D4A12FD52800DCDC003BF080 /* SQLite */; };
		D4AE370E2825BBD70080BA7F /* SearchResultProvider.swift in Sources */ = {isa = PBXBuildFile; fileRef = D4AE370D2825BBD70080BA7F /* SearchResultProvider.swift */; };
		D4BD38B2281E05A700DB1085 /* PersonListViewController.swift in Sources */ = {isa = PBXBuildFile; fileRef = D4BD38B1281E05A700DB1085 /* PersonListViewController.swift */; };
		D4C1BFCA27E504EC00BBE455 /* PersonListCell.swift in Sources */ = {isa = PBXBuildFile; fileRef = D4C1BFC927E504EC00BBE455 /* PersonListCell.swift */; };
		D4E2990F27FF9C6800A0B7E3 /* Kingfisher in Frameworks */ = {isa = PBXBuildFile; productRef = D4E2990E27FF9C6800A0B7E3 /* Kingfisher */; };
/* End PBXBuildFile section */

/* Begin PBXContainerItemProxy section */
		D45C0D9427DC03BF00B75D4A /* PBXContainerItemProxy */ = {
			isa = PBXContainerItemProxy;
			containerPortal = D45C0D7527DC03BB00B75D4A /* Project object */;
			proxyType = 1;
			remoteGlobalIDString = D45C0D7C27DC03BB00B75D4A;
			remoteInfo = meep;
		};
		D45C0D9E27DC03BF00B75D4A /* PBXContainerItemProxy */ = {
			isa = PBXContainerItemProxy;
			containerPortal = D45C0D7527DC03BB00B75D4A /* Project object */;
			proxyType = 1;
			remoteGlobalIDString = D45C0D7C27DC03BB00B75D4A;
			remoteInfo = meep;
		};
/* End PBXContainerItemProxy section */

/* Begin PBXFileReference section */
		D40D0E0A27EE4564005F10CD /* PeopleListInformationProvider.swift */ = {isa = PBXFileReference; lastKnownFileType = sourcecode.swift; path = PeopleListInformationProvider.swift; sourceTree = "<group>"; };
		D40D0E0C27EE45BE005F10CD /* PeopleRepository.swift */ = {isa = PBXFileReference; lastKnownFileType = sourcecode.swift; path = PeopleRepository.swift; sourceTree = "<group>"; };
		D40D0E0E27EE5112005F10CD /* MyPlayground.playground */ = {isa = PBXFileReference; lastKnownFileType = file.playground; path = MyPlayground.playground; sourceTree = "<group>"; xcLanguageSpecificationIdentifier = xcode.lang.swift; };
		D4222DEB282F05FD00F10672 /* FriendCell.swift */ = {isa = PBXFileReference; lastKnownFileType = sourcecode.swift; path = FriendCell.swift; sourceTree = "<group>"; };
		D426BFA327F883A500A11E9A /* PeopleLocalSource.swift */ = {isa = PBXFileReference; lastKnownFileType = sourcecode.swift; path = PeopleLocalSource.swift; sourceTree = "<group>"; };
		D426BFA827F8900200A11E9A /* Result.swift */ = {isa = PBXFileReference; lastKnownFileType = sourcecode.swift; path = Result.swift; sourceTree = "<group>"; };
		D426BFAA27F896D900A11E9A /* NetworkModels.swift */ = {isa = PBXFileReference; lastKnownFileType = sourcecode.swift; path = NetworkModels.swift; sourceTree = "<group>"; };
		D440D0FE27E445A00045DEF2 /* TextComponents.swift */ = {isa = PBXFileReference; lastKnownFileType = sourcecode.swift; path = TextComponents.swift; sourceTree = "<group>"; };
		D4583BCC27E6EE14004A2416 /* Person.swift */ = {isa = PBXFileReference; lastKnownFileType = sourcecode.swift; path = Person.swift; sourceTree = "<group>"; };
		D4583BD527E6EEDB004A2416 /* ViewModel.swift */ = {isa = PBXFileReference; lastKnownFileType = sourcecode.swift; path = ViewModel.swift; sourceTree = "<group>"; };
		D4583BD827E6EF1D004A2416 /* PersonListViewModel.swift */ = {isa = PBXFileReference; lastKnownFileType = sourcecode.swift; path = PersonListViewModel.swift; sourceTree = "<group>"; };
		D4583BDA27E6EFCC004A2416 /* Injector.swift */ = {isa = PBXFileReference; lastKnownFileType = sourcecode.swift; path = Injector.swift; sourceTree = "<group>"; };
		D4583BDD27E6F3DE004A2416 /* PersonDetailViewController.swift */ = {isa = PBXFileReference; lastKnownFileType = sourcecode.swift; path = PersonDetailViewController.swift; sourceTree = "<group>"; };
		D4583BE027E707D1004A2416 /* Color.swift */ = {isa = PBXFileReference; lastKnownFileType = sourcecode.swift; path = Color.swift; sourceTree = "<group>"; };
		D45C0D7D27DC03BB00B75D4A /* meep.app */ = {isa = PBXFileReference; explicitFileType = wrapper.application; includeInIndex = 0; path = meep.app; sourceTree = BUILT_PRODUCTS_DIR; };
		D45C0D8027DC03BB00B75D4A /* AppDelegate.swift */ = {isa = PBXFileReference; lastKnownFileType = sourcecode.swift; path = AppDelegate.swift; sourceTree = "<group>"; };
		D45C0D8227DC03BB00B75D4A /* SceneDelegate.swift */ = {isa = PBXFileReference; lastKnownFileType = sourcecode.swift; path = SceneDelegate.swift; sourceTree = "<group>"; };
		D45C0D8427DC03BB00B75D4A /* ViewController.swift */ = {isa = PBXFileReference; lastKnownFileType = sourcecode.swift; path = ViewController.swift; sourceTree = "<group>"; };
		D45C0D8927DC03BF00B75D4A /* Assets.xcassets */ = {isa = PBXFileReference; lastKnownFileType = folder.assetcatalog; path = Assets.xcassets; sourceTree = "<group>"; };
		D45C0D8C27DC03BF00B75D4A /* Base */ = {isa = PBXFileReference; lastKnownFileType = file.storyboard; name = Base; path = Base.lproj/LaunchScreen.storyboard; sourceTree = "<group>"; };
		D45C0D8E27DC03BF00B75D4A /* Info.plist */ = {isa = PBXFileReference; lastKnownFileType = text.plist.xml; path = Info.plist; sourceTree = "<group>"; };
		D45C0D9327DC03BF00B75D4A /* meepTests.xctest */ = {isa = PBXFileReference; explicitFileType = wrapper.cfbundle; includeInIndex = 0; path = meepTests.xctest; sourceTree = BUILT_PRODUCTS_DIR; };
		D45C0D9727DC03BF00B75D4A /* meepTests.swift */ = {isa = PBXFileReference; lastKnownFileType = sourcecode.swift; path = meepTests.swift; sourceTree = "<group>"; };
		D45C0D9D27DC03BF00B75D4A /* meepUITests.xctest */ = {isa = PBXFileReference; explicitFileType = wrapper.cfbundle; includeInIndex = 0; path = meepUITests.xctest; sourceTree = BUILT_PRODUCTS_DIR; };
		D45C0DA127DC03BF00B75D4A /* meepUITests.swift */ = {isa = PBXFileReference; lastKnownFileType = sourcecode.swift; path = meepUITests.swift; sourceTree = "<group>"; };
		D45C0DA327DC03BF00B75D4A /* meepUITestsLaunchTests.swift */ = {isa = PBXFileReference; lastKnownFileType = sourcecode.swift; path = meepUITestsLaunchTests.swift; sourceTree = "<group>"; };
		D45C0DB227DC157700B75D4A /* Extentions.swift */ = {isa = PBXFileReference; lastKnownFileType = sourcecode.swift; path = Extentions.swift; sourceTree = "<group>"; };
		D46D502B281BB1CC004C71DC /* PersonDetailViewModel.swift */ = {isa = PBXFileReference; lastKnownFileType = sourcecode.swift; path = PersonDetailViewModel.swift; sourceTree = "<group>"; };
		D46D502D281BB494004C71DC /* PersonDetailInfoProvider.swift */ = {isa = PBXFileReference; lastKnownFileType = sourcecode.swift; path = PersonDetailInfoProvider.swift; sourceTree = "<group>"; };
		D46D502F281BB4EB004C71DC /* PersonDetail.swift */ = {isa = PBXFileReference; lastKnownFileType = sourcecode.swift; path = PersonDetail.swift; sourceTree = "<group>"; };
		D489DE012802B8AA006FA729 /* PeopleDatabase.swift */ = {isa = PBXFileReference; lastKnownFileType = sourcecode.swift; path = PeopleDatabase.swift; sourceTree = "<group>"; };
		D489DE032802BF0E006FA729 /* UserEntity.swift */ = {isa = PBXFileReference; lastKnownFileType = sourcecode.swift; path = UserEntity.swift; sourceTree = "<group>"; };
		D48FE79027F7B51C00CCFBF1 /* PeopleNetworlAPI.swift */ = {isa = PBXFileReference; lastKnownFileType = sourcecode.swift; path = PeopleNetworlAPI.swift; sourceTree = "<group>"; };
		D48FE79427F7B56B00CCFBF1 /* RandomUserClient.swift */ = {isa = PBXFileReference; lastKnownFileType = sourcecode.swift; path = RandomUserClient.swift; sourceTree = "<group>"; };
		D48FE79627F7B5C500CCFBF1 /* PeopleLocalAPI.swift */ = {isa = PBXFileReference; lastKnownFileType = sourcecode.swift; path = PeopleLocalAPI.swift; sourceTree = "<group>"; };
		D491F133281EC53200C325A9 /* PersonSearchViewController.swift */ = {isa = PBXFileReference; lastKnownFileType = sourcecode.swift; path = PersonSearchViewController.swift; sourceTree = "<group>"; };
		D491F136281EC6E100C325A9 /* ProfileViewController.swift */ = {isa = PBXFileReference; lastKnownFileType = sourcecode.swift; path = ProfileViewController.swift; sourceTree = "<group>"; };
		D4991F6228247115003B07B6 /* PersonSearchViewModel.swift */ = {isa = PBXFileReference; lastKnownFileType = sourcecode.swift; path = PersonSearchViewModel.swift; sourceTree = "<group>"; };
		D4AE370D2825BBD70080BA7F /* SearchResultProvider.swift */ = {isa = PBXFileReference; lastKnownFileType = sourcecode.swift; path = SearchResultProvider.swift; sourceTree = "<group>"; };
		D4BD38B1281E05A700DB1085 /* PersonListViewController.swift */ = {isa = PBXFileReference; lastKnownFileType = sourcecode.swift; path = PersonListViewController.swift; sourceTree = "<group>"; };
		D4C1BFC927E504EC00BBE455 /* PersonListCell.swift */ = {isa = PBXFileReference; lastKnownFileType = sourcecode.swift; path = PersonListCell.swift; sourceTree = "<group>"; };
/* End PBXFileReference section */

/* Begin PBXFrameworksBuildPhase section */
		D45C0D7A27DC03BB00B75D4A /* Frameworks */ = {
			isa = PBXFrameworksBuildPhase;
			buildActionMask = 2147483647;
			files = (
				D4A12FD62800DCDC003BF080 /* SQLite in Frameworks */,
				D4E2990F27FF9C6800A0B7E3 /* Kingfisher in Frameworks */,
				D426BFA727F8848000A11E9A /* Alamofire in Frameworks */,
				D45C0DB627DC190900B75D4A /* SnapKit in Frameworks */,
				D4583BD027E6EE6B004A2416 /* Swinject in Frameworks */,
			);
			runOnlyForDeploymentPostprocessing = 0;
		};
		D45C0D9027DC03BF00B75D4A /* Frameworks */ = {
			isa = PBXFrameworksBuildPhase;
			buildActionMask = 2147483647;
			files = (
			);
			runOnlyForDeploymentPostprocessing = 0;
		};
		D45C0D9A27DC03BF00B75D4A /* Frameworks */ = {
			isa = PBXFrameworksBuildPhase;
			buildActionMask = 2147483647;
			files = (
			);
			runOnlyForDeploymentPostprocessing = 0;
		};
/* End PBXFrameworksBuildPhase section */

/* Begin PBXGroup section */
		D40D0E0927EE452C005F10CD /* datasource */ = {
			isa = PBXGroup;
			children = (
				D48FE78F27F7B4FA00CCFBF1 /* repository */,
				D48FE78E27F7B4F100CCFBF1 /* local */,
				D48FE78D27F7B4E400CCFBF1 /* network */,
			);
			path = datasource;
			sourceTree = "<group>";
		};
		D440D0FD27E4458C0045DEF2 /* baseComponents */ = {
			isa = PBXGroup;
			children = (
				D440D0FE27E445A00045DEF2 /* TextComponents.swift */,
			);
			path = baseComponents;
			sourceTree = "<group>";
		};
		D4583BD327E6EEA7004A2416 /* domain */ = {
			isa = PBXGroup;
			children = (
				D4583BCC27E6EE14004A2416 /* Person.swift */,
				D46D502F281BB4EB004C71DC /* PersonDetail.swift */,
			);
			path = domain;
			sourceTree = "<group>";
		};
		D4583BD427E6EECE004A2416 /* base */ = {
			isa = PBXGroup;
			children = (
				D4583BD527E6EEDB004A2416 /* ViewModel.swift */,
				D4583BDA27E6EFCC004A2416 /* Injector.swift */,
				D426BFA827F8900200A11E9A /* Result.swift */,
			);
			path = base;
			sourceTree = "<group>";
		};
		D4583BD727E6EF0D004A2416 /* personList */ = {
			isa = PBXGroup;
			children = (
				D4C1BFC927E504EC00BBE455 /* PersonListCell.swift */,
				D4583BD827E6EF1D004A2416 /* PersonListViewModel.swift */,
				D4BD38B1281E05A700DB1085 /* PersonListViewController.swift */,
			);
			path = personList;
			sourceTree = "<group>";
		};
		D4583BDC27E6F3C9004A2416 /* personDetail */ = {
			isa = PBXGroup;
			children = (
				D4583BDD27E6F3DE004A2416 /* PersonDetailViewController.swift */,
				D46D502B281BB1CC004C71DC /* PersonDetailViewModel.swift */,
			);
			path = personDetail;
			sourceTree = "<group>";
		};
		D4583BDF27E707C3004A2416 /* theme */ = {
			isa = PBXGroup;
			children = (
				D4583BE027E707D1004A2416 /* Color.swift */,
			);
			path = theme;
			sourceTree = "<group>";
		};
		D45C0D7427DC03BB00B75D4A = {
			isa = PBXGroup;
			children = (
				D45C0D7F27DC03BB00B75D4A /* meep */,
				D45C0D9627DC03BF00B75D4A /* meepTests */,
				D45C0DA027DC03BF00B75D4A /* meepUITests */,
				D45C0D7E27DC03BB00B75D4A /* Products */,
			);
			sourceTree = "<group>";
		};
		D45C0D7E27DC03BB00B75D4A /* Products */ = {
			isa = PBXGroup;
			children = (
				D45C0D7D27DC03BB00B75D4A /* meep.app */,
				D45C0D9327DC03BF00B75D4A /* meepTests.xctest */,
				D45C0D9D27DC03BF00B75D4A /* meepUITests.xctest */,
			);
			name = Products;
			sourceTree = "<group>";
		};
		D45C0D7F27DC03BB00B75D4A /* meep */ = {
			isa = PBXGroup;
			children = (
				D4583BD427E6EECE004A2416 /* base */,
				D40D0E0927EE452C005F10CD /* datasource */,
				D4583BD327E6EEA7004A2416 /* domain */,
				D45C0DB127DC149B00B75D4A /* ui */,
				D45C0DB027DC149200B75D4A /* util */,
				D45C0D8027DC03BB00B75D4A /* AppDelegate.swift */,
				D45C0D8927DC03BF00B75D4A /* Assets.xcassets */,
				D45C0D8B27DC03BF00B75D4A /* LaunchScreen.storyboard */,
				D45C0D8E27DC03BF00B75D4A /* Info.plist */,
				D40D0E0E27EE5112005F10CD /* MyPlayground.playground */,
			);
			path = meep;
			sourceTree = "<group>";
		};
		D45C0D9627DC03BF00B75D4A /* meepTests */ = {
			isa = PBXGroup;
			children = (
				D45C0D9727DC03BF00B75D4A /* meepTests.swift */,
			);
			path = meepTests;
			sourceTree = "<group>";
		};
		D45C0DA027DC03BF00B75D4A /* meepUITests */ = {
			isa = PBXGroup;
			children = (
				D45C0DA127DC03BF00B75D4A /* meepUITests.swift */,
				D45C0DA327DC03BF00B75D4A /* meepUITestsLaunchTests.swift */,
			);
			path = meepUITests;
			sourceTree = "<group>";
		};
		D45C0DB027DC149200B75D4A /* util */ = {
			isa = PBXGroup;
			children = (
				D45C0DB227DC157700B75D4A /* Extentions.swift */,
			);
			path = util;
			sourceTree = "<group>";
		};
		D45C0DB127DC149B00B75D4A /* ui */ = {
			isa = PBXGroup;
			children = (
				D4583BDF27E707C3004A2416 /* theme */,
				D440D0FD27E4458C0045DEF2 /* baseComponents */,
				D4583BDC27E6F3C9004A2416 /* personDetail */,
				D4583BD727E6EF0D004A2416 /* personList */,
				D491F132281EC4FE00C325A9 /* personSearch */,
				D491F135281EC66500C325A9 /* profile */,
				D45C0D8227DC03BB00B75D4A /* SceneDelegate.swift */,
				D45C0D8427DC03BB00B75D4A /* ViewController.swift */,
			);
			path = ui;
			sourceTree = "<group>";
		};
		D48FE78D27F7B4E400CCFBF1 /* network */ = {
			isa = PBXGroup;
			children = (
				D48FE79027F7B51C00CCFBF1 /* PeopleNetworlAPI.swift */,
				D48FE79427F7B56B00CCFBF1 /* RandomUserClient.swift */,
				D426BFAA27F896D900A11E9A /* NetworkModels.swift */,
			);
			path = network;
			sourceTree = "<group>";
		};
		D48FE78E27F7B4F100CCFBF1 /* local */ = {
			isa = PBXGroup;
			children = (
				D48FE79627F7B5C500CCFBF1 /* PeopleLocalAPI.swift */,
				D426BFA327F883A500A11E9A /* PeopleLocalSource.swift */,
				D489DE012802B8AA006FA729 /* PeopleDatabase.swift */,
				D489DE032802BF0E006FA729 /* UserEntity.swift */,
			);
			path = local;
			sourceTree = "<group>";
		};
		D48FE78F27F7B4FA00CCFBF1 /* repository */ = {
			isa = PBXGroup;
			children = (
				D40D0E0A27EE4564005F10CD /* PeopleListInformationProvider.swift */,
				D40D0E0C27EE45BE005F10CD /* PeopleRepository.swift */,
				D46D502D281BB494004C71DC /* PersonDetailInfoProvider.swift */,
				D4AE370D2825BBD70080BA7F /* SearchResultProvider.swift */,
			);
			path = repository;
			sourceTree = "<group>";
		};
		D491F132281EC4FE00C325A9 /* personSearch */ = {
			isa = PBXGroup;
			children = (
				D491F133281EC53200C325A9 /* PersonSearchViewController.swift */,
				D4991F6228247115003B07B6 /* PersonSearchViewModel.swift */,
			);
			path = personSearch;
			sourceTree = "<group>";
		};
		D491F135281EC66500C325A9 /* profile */ = {
			isa = PBXGroup;
			children = (
				D491F136281EC6E100C325A9 /* ProfileViewController.swift */,
				D4222DEB282F05FD00F10672 /* FriendCell.swift */,
			);
			path = profile;
			sourceTree = "<group>";
		};
/* End PBXGroup section */

/* Begin PBXNativeTarget section */
		D45C0D7C27DC03BB00B75D4A /* meep */ = {
			isa = PBXNativeTarget;
			buildConfigurationList = D45C0DA727DC03BF00B75D4A /* Build configuration list for PBXNativeTarget "meep" */;
			buildPhases = (
				D45C0D7927DC03BB00B75D4A /* Sources */,
				D45C0D7A27DC03BB00B75D4A /* Frameworks */,
				D45C0D7B27DC03BB00B75D4A /* Resources */,
			);
			buildRules = (
			);
			dependencies = (
			);
			name = meep;
			packageProductDependencies = (
				D45C0DB527DC190900B75D4A /* SnapKit */,
				D4583BCF27E6EE6B004A2416 /* Swinject */,
				D426BFA627F8848000A11E9A /* Alamofire */,
				D4E2990E27FF9C6800A0B7E3 /* Kingfisher */,
				D4A12FD52800DCDC003BF080 /* SQLite */,
			);
			productName = meep;
			productReference = D45C0D7D27DC03BB00B75D4A /* meep.app */;
			productType = "com.apple.product-type.application";
		};
		D45C0D9227DC03BF00B75D4A /* meepTests */ = {
			isa = PBXNativeTarget;
			buildConfigurationList = D45C0DAA27DC03BF00B75D4A /* Build configuration list for PBXNativeTarget "meepTests" */;
			buildPhases = (
				D45C0D8F27DC03BF00B75D4A /* Sources */,
				D45C0D9027DC03BF00B75D4A /* Frameworks */,
				D45C0D9127DC03BF00B75D4A /* Resources */,
			);
			buildRules = (
			);
			dependencies = (
				D45C0D9527DC03BF00B75D4A /* PBXTargetDependency */,
			);
			name = meepTests;
			productName = meepTests;
			productReference = D45C0D9327DC03BF00B75D4A /* meepTests.xctest */;
			productType = "com.apple.product-type.bundle.unit-test";
		};
		D45C0D9C27DC03BF00B75D4A /* meepUITests */ = {
			isa = PBXNativeTarget;
			buildConfigurationList = D45C0DAD27DC03BF00B75D4A /* Build configuration list for PBXNativeTarget "meepUITests" */;
			buildPhases = (
				D45C0D9927DC03BF00B75D4A /* Sources */,
				D45C0D9A27DC03BF00B75D4A /* Frameworks */,
				D45C0D9B27DC03BF00B75D4A /* Resources */,
			);
			buildRules = (
			);
			dependencies = (
				D45C0D9F27DC03BF00B75D4A /* PBXTargetDependency */,
			);
			name = meepUITests;
			productName = meepUITests;
			productReference = D45C0D9D27DC03BF00B75D4A /* meepUITests.xctest */;
			productType = "com.apple.product-type.bundle.ui-testing";
		};
/* End PBXNativeTarget section */

/* Begin PBXProject section */
		D45C0D7527DC03BB00B75D4A /* Project object */ = {
			isa = PBXProject;
			attributes = {
				BuildIndependentTargetsInParallel = 1;
				LastSwiftUpdateCheck = 1320;
				LastUpgradeCheck = 1320;
				TargetAttributes = {
					D45C0D7C27DC03BB00B75D4A = {
						CreatedOnToolsVersion = 13.2.1;
					};
					D45C0D9227DC03BF00B75D4A = {
						CreatedOnToolsVersion = 13.2.1;
						TestTargetID = D45C0D7C27DC03BB00B75D4A;
					};
					D45C0D9C27DC03BF00B75D4A = {
						CreatedOnToolsVersion = 13.2.1;
						TestTargetID = D45C0D7C27DC03BB00B75D4A;
					};
				};
			};
			buildConfigurationList = D45C0D7827DC03BB00B75D4A /* Build configuration list for PBXProject "meep" */;
			compatibilityVersion = "Xcode 13.0";
			developmentRegion = en;
			hasScannedForEncodings = 0;
			knownRegions = (
				en,
				Base,
			);
			mainGroup = D45C0D7427DC03BB00B75D4A;
			packageReferences = (
				D45C0DB427DC190900B75D4A /* XCRemoteSwiftPackageReference "SnapKit" */,
				D4583BCE27E6EE6B004A2416 /* XCRemoteSwiftPackageReference "Swinject" */,
				D426BFA527F8848000A11E9A /* XCRemoteSwiftPackageReference "Alamofire" */,
				D4E2990D27FF9C6800A0B7E3 /* XCRemoteSwiftPackageReference "Kingfisher" */,
				D4A12FD42800DCDC003BF080 /* XCRemoteSwiftPackageReference "SQLite" */,
			);
			productRefGroup = D45C0D7E27DC03BB00B75D4A /* Products */;
			projectDirPath = "";
			projectRoot = "";
			targets = (
				D45C0D7C27DC03BB00B75D4A /* meep */,
				D45C0D9227DC03BF00B75D4A /* meepTests */,
				D45C0D9C27DC03BF00B75D4A /* meepUITests */,
			);
		};
/* End PBXProject section */

/* Begin PBXResourcesBuildPhase section */
		D45C0D7B27DC03BB00B75D4A /* Resources */ = {
			isa = PBXResourcesBuildPhase;
			buildActionMask = 2147483647;
			files = (
				D45C0D8D27DC03BF00B75D4A /* LaunchScreen.storyboard in Resources */,
				D45C0D8A27DC03BF00B75D4A /* Assets.xcassets in Resources */,
			);
			runOnlyForDeploymentPostprocessing = 0;
		};
		D45C0D9127DC03BF00B75D4A /* Resources */ = {
			isa = PBXResourcesBuildPhase;
			buildActionMask = 2147483647;
			files = (
			);
			runOnlyForDeploymentPostprocessing = 0;
		};
		D45C0D9B27DC03BF00B75D4A /* Resources */ = {
			isa = PBXResourcesBuildPhase;
			buildActionMask = 2147483647;
			files = (
			);
			runOnlyForDeploymentPostprocessing = 0;
		};
/* End PBXResourcesBuildPhase section */

/* Begin PBXSourcesBuildPhase section */
		D45C0D7927DC03BB00B75D4A /* Sources */ = {
			isa = PBXSourcesBuildPhase;
			buildActionMask = 2147483647;
			files = (
				D426BFAB27F896D900A11E9A /* NetworkModels.swift in Sources */,
				D48FE79127F7B51C00CCFBF1 /* PeopleNetworlAPI.swift in Sources */,
				D46D502E281BB494004C71DC /* PersonDetailInfoProvider.swift in Sources */,
				D48FE79727F7B5C500CCFBF1 /* PeopleLocalAPI.swift in Sources */,
				D4222DEC282F05FD00F10672 /* FriendCell.swift in Sources */,
				D426BFA927F8900200A11E9A /* Result.swift in Sources */,
				D4AE370E2825BBD70080BA7F /* SearchResultProvider.swift in Sources */,
				D489DE022802B8AA006FA729 /* PeopleDatabase.swift in Sources */,
				D46D502C281BB1CC004C71DC /* PersonDetailViewModel.swift in Sources */,
				D45C0DB327DC157700B75D4A /* Extentions.swift in Sources */,
				D46D5030281BB4EB004C71DC /* PersonDetail.swift in Sources */,
				D440D0FF27E445A00045DEF2 /* TextComponents.swift in Sources */,
				D45C0D8527DC03BB00B75D4A /* ViewController.swift in Sources */,
				D4583BDE27E6F3DE004A2416 /* PersonDetailViewController.swift in Sources */,
				D45C0D8127DC03BB00B75D4A /* AppDelegate.swift in Sources */,
				D4583BE127E707D1004A2416 /* Color.swift in Sources */,
				D489DE042802BF0E006FA729 /* UserEntity.swift in Sources */,
				D40D0E0D27EE45BE005F10CD /* PeopleRepository.swift in Sources */,
				D4583BCD27E6EE14004A2416 /* Person.swift in Sources */,
				D4583BDB27E6EFCC004A2416 /* Injector.swift in Sources */,
				D491F137281EC6E100C325A9 /* ProfileViewController.swift in Sources */,
				D491F134281EC53200C325A9 /* PersonSearchViewController.swift in Sources */,
				D426BFA427F883A500A11E9A /* PeopleLocalSource.swift in Sources */,
				D4C1BFCA27E504EC00BBE455 /* PersonListCell.swift in Sources */,
				D4583BD627E6EEDB004A2416 /* ViewModel.swift in Sources */,
				D4BD38B2281E05A700DB1085 /* PersonListViewController.swift in Sources */,
				D40D0E0B27EE4564005F10CD /* PeopleListInformationProvider.swift in Sources */,
				D4991F6328247115003B07B6 /* PersonSearchViewModel.swift in Sources */,
				D45C0D8327DC03BB00B75D4A /* SceneDelegate.swift in Sources */,
				D4583BD927E6EF1D004A2416 /* PersonListViewModel.swift in Sources */,
				D48FE79527F7B56B00CCFBF1 /* RandomUserClient.swift in Sources */,
			);
			runOnlyForDeploymentPostprocessing = 0;
		};
		D45C0D8F27DC03BF00B75D4A /* Sources */ = {
			isa = PBXSourcesBuildPhase;
			buildActionMask = 2147483647;
			files = (
				D45C0D9827DC03BF00B75D4A /* meepTests.swift in Sources */,
			);
			runOnlyForDeploymentPostprocessing = 0;
		};
		D45C0D9927DC03BF00B75D4A /* Sources */ = {
			isa = PBXSourcesBuildPhase;
			buildActionMask = 2147483647;
			files = (
				D45C0DA227DC03BF00B75D4A /* meepUITests.swift in Sources */,
				D45C0DA427DC03BF00B75D4A /* meepUITestsLaunchTests.swift in Sources */,
			);
			runOnlyForDeploymentPostprocessing = 0;
		};
/* End PBXSourcesBuildPhase section */

/* Begin PBXTargetDependency section */
		D45C0D9527DC03BF00B75D4A /* PBXTargetDependency */ = {
			isa = PBXTargetDependency;
			target = D45C0D7C27DC03BB00B75D4A /* meep */;
			targetProxy = D45C0D9427DC03BF00B75D4A /* PBXContainerItemProxy */;
		};
		D45C0D9F27DC03BF00B75D4A /* PBXTargetDependency */ = {
			isa = PBXTargetDependency;
			target = D45C0D7C27DC03BB00B75D4A /* meep */;
			targetProxy = D45C0D9E27DC03BF00B75D4A /* PBXContainerItemProxy */;
		};
/* End PBXTargetDependency section */

/* Begin PBXVariantGroup section */
		D45C0D8B27DC03BF00B75D4A /* LaunchScreen.storyboard */ = {
			isa = PBXVariantGroup;
			children = (
				D45C0D8C27DC03BF00B75D4A /* Base */,
			);
			name = LaunchScreen.storyboard;
			sourceTree = "<group>";
		};
/* End PBXVariantGroup section */

/* Begin XCBuildConfiguration section */
		D45C0DA527DC03BF00B75D4A /* Debug */ = {
			isa = XCBuildConfiguration;
			buildSettings = {
				ALWAYS_SEARCH_USER_PATHS = NO;
				CLANG_ANALYZER_NONNULL = YES;
				CLANG_ANALYZER_NUMBER_OBJECT_CONVERSION = YES_AGGRESSIVE;
				CLANG_CXX_LANGUAGE_STANDARD = "gnu++17";
				CLANG_CXX_LIBRARY = "libc++";
				CLANG_ENABLE_MODULES = YES;
				CLANG_ENABLE_OBJC_ARC = YES;
				CLANG_ENABLE_OBJC_WEAK = YES;
				CLANG_WARN_BLOCK_CAPTURE_AUTORELEASING = YES;
				CLANG_WARN_BOOL_CONVERSION = YES;
				CLANG_WARN_COMMA = YES;
				CLANG_WARN_CONSTANT_CONVERSION = YES;
				CLANG_WARN_DEPRECATED_OBJC_IMPLEMENTATIONS = YES;
				CLANG_WARN_DIRECT_OBJC_ISA_USAGE = YES_ERROR;
				CLANG_WARN_DOCUMENTATION_COMMENTS = YES;
				CLANG_WARN_EMPTY_BODY = YES;
				CLANG_WARN_ENUM_CONVERSION = YES;
				CLANG_WARN_INFINITE_RECURSION = YES;
				CLANG_WARN_INT_CONVERSION = YES;
				CLANG_WARN_NON_LITERAL_NULL_CONVERSION = YES;
				CLANG_WARN_OBJC_IMPLICIT_RETAIN_SELF = YES;
				CLANG_WARN_OBJC_LITERAL_CONVERSION = YES;
				CLANG_WARN_OBJC_ROOT_CLASS = YES_ERROR;
				CLANG_WARN_QUOTED_INCLUDE_IN_FRAMEWORK_HEADER = YES;
				CLANG_WARN_RANGE_LOOP_ANALYSIS = YES;
				CLANG_WARN_STRICT_PROTOTYPES = YES;
				CLANG_WARN_SUSPICIOUS_MOVE = YES;
				CLANG_WARN_UNGUARDED_AVAILABILITY = YES_AGGRESSIVE;
				CLANG_WARN_UNREACHABLE_CODE = YES;
				CLANG_WARN__DUPLICATE_METHOD_MATCH = YES;
				COPY_PHASE_STRIP = NO;
				DEBUG_INFORMATION_FORMAT = dwarf;
				ENABLE_STRICT_OBJC_MSGSEND = YES;
				ENABLE_TESTABILITY = YES;
				GCC_C_LANGUAGE_STANDARD = gnu11;
				GCC_DYNAMIC_NO_PIC = NO;
				GCC_NO_COMMON_BLOCKS = YES;
				GCC_OPTIMIZATION_LEVEL = 0;
				GCC_PREPROCESSOR_DEFINITIONS = (
					"DEBUG=1",
					"$(inherited)",
				);
				GCC_WARN_64_TO_32_BIT_CONVERSION = YES;
				GCC_WARN_ABOUT_RETURN_TYPE = YES_ERROR;
				GCC_WARN_UNDECLARED_SELECTOR = YES;
				GCC_WARN_UNINITIALIZED_AUTOS = YES_AGGRESSIVE;
				GCC_WARN_UNUSED_FUNCTION = YES;
				GCC_WARN_UNUSED_VARIABLE = YES;
				IPHONEOS_DEPLOYMENT_TARGET = 15.2;
				MTL_ENABLE_DEBUG_INFO = INCLUDE_SOURCE;
				MTL_FAST_MATH = YES;
				ONLY_ACTIVE_ARCH = YES;
				SDKROOT = iphoneos;
				SWIFT_ACTIVE_COMPILATION_CONDITIONS = DEBUG;
				SWIFT_OPTIMIZATION_LEVEL = "-Onone";
			};
			name = Debug;
		};
		D45C0DA627DC03BF00B75D4A /* Release */ = {
			isa = XCBuildConfiguration;
			buildSettings = {
				ALWAYS_SEARCH_USER_PATHS = NO;
				CLANG_ANALYZER_NONNULL = YES;
				CLANG_ANALYZER_NUMBER_OBJECT_CONVERSION = YES_AGGRESSIVE;
				CLANG_CXX_LANGUAGE_STANDARD = "gnu++17";
				CLANG_CXX_LIBRARY = "libc++";
				CLANG_ENABLE_MODULES = YES;
				CLANG_ENABLE_OBJC_ARC = YES;
				CLANG_ENABLE_OBJC_WEAK = YES;
				CLANG_WARN_BLOCK_CAPTURE_AUTORELEASING = YES;
				CLANG_WARN_BOOL_CONVERSION = YES;
				CLANG_WARN_COMMA = YES;
				CLANG_WARN_CONSTANT_CONVERSION = YES;
				CLANG_WARN_DEPRECATED_OBJC_IMPLEMENTATIONS = YES;
				CLANG_WARN_DIRECT_OBJC_ISA_USAGE = YES_ERROR;
				CLANG_WARN_DOCUMENTATION_COMMENTS = YES;
				CLANG_WARN_EMPTY_BODY = YES;
				CLANG_WARN_ENUM_CONVERSION = YES;
				CLANG_WARN_INFINITE_RECURSION = YES;
				CLANG_WARN_INT_CONVERSION = YES;
				CLANG_WARN_NON_LITERAL_NULL_CONVERSION = YES;
				CLANG_WARN_OBJC_IMPLICIT_RETAIN_SELF = YES;
				CLANG_WARN_OBJC_LITERAL_CONVERSION = YES;
				CLANG_WARN_OBJC_ROOT_CLASS = YES_ERROR;
				CLANG_WARN_QUOTED_INCLUDE_IN_FRAMEWORK_HEADER = YES;
				CLANG_WARN_RANGE_LOOP_ANALYSIS = YES;
				CLANG_WARN_STRICT_PROTOTYPES = YES;
				CLANG_WARN_SUSPICIOUS_MOVE = YES;
				CLANG_WARN_UNGUARDED_AVAILABILITY = YES_AGGRESSIVE;
				CLANG_WARN_UNREACHABLE_CODE = YES;
				CLANG_WARN__DUPLICATE_METHOD_MATCH = YES;
				COPY_PHASE_STRIP = NO;
				DEBUG_INFORMATION_FORMAT = "dwarf-with-dsym";
				ENABLE_NS_ASSERTIONS = NO;
				ENABLE_STRICT_OBJC_MSGSEND = YES;
				GCC_C_LANGUAGE_STANDARD = gnu11;
				GCC_NO_COMMON_BLOCKS = YES;
				GCC_WARN_64_TO_32_BIT_CONVERSION = YES;
				GCC_WARN_ABOUT_RETURN_TYPE = YES_ERROR;
				GCC_WARN_UNDECLARED_SELECTOR = YES;
				GCC_WARN_UNINITIALIZED_AUTOS = YES_AGGRESSIVE;
				GCC_WARN_UNUSED_FUNCTION = YES;
				GCC_WARN_UNUSED_VARIABLE = YES;
				IPHONEOS_DEPLOYMENT_TARGET = 15.2;
				MTL_ENABLE_DEBUG_INFO = NO;
				MTL_FAST_MATH = YES;
				SDKROOT = iphoneos;
				SWIFT_COMPILATION_MODE = wholemodule;
				SWIFT_OPTIMIZATION_LEVEL = "-O";
				VALIDATE_PRODUCT = YES;
			};
			name = Release;
		};
		D45C0DA827DC03BF00B75D4A /* Debug */ = {
			isa = XCBuildConfiguration;
			buildSettings = {
				ASSETCATALOG_COMPILER_APPICON_NAME = AppIcon;
				ASSETCATALOG_COMPILER_GLOBAL_ACCENT_COLOR_NAME = AccentColor;
				CODE_SIGN_STYLE = Automatic;
				CURRENT_PROJECT_VERSION = 1;
				DEVELOPMENT_TEAM = PGB4ZFDG33;
				GENERATE_INFOPLIST_FILE = YES;
				INFOPLIST_FILE = meep/Info.plist;
				INFOPLIST_KEY_UIApplicationSupportsIndirectInputEvents = YES;
				INFOPLIST_KEY_UILaunchStoryboardName = LaunchScreen;
				INFOPLIST_KEY_UISupportedInterfaceOrientations_iPad = "UIInterfaceOrientationPortrait UIInterfaceOrientationPortraitUpsideDown UIInterfaceOrientationLandscapeLeft UIInterfaceOrientationLandscapeRight";
				INFOPLIST_KEY_UISupportedInterfaceOrientations_iPhone = "UIInterfaceOrientationPortrait UIInterfaceOrientationLandscapeLeft UIInterfaceOrientationLandscapeRight";
				LD_RUNPATH_SEARCH_PATHS = (
					"$(inherited)",
					"@executable_path/Frameworks",
				);
				MARKETING_VERSION = 1.0;
				PRODUCT_BUNDLE_IDENTIFIER = com.example.oguzhan.meep;
				PRODUCT_NAME = "$(TARGET_NAME)";
				SWIFT_EMIT_LOC_STRINGS = YES;
				SWIFT_VERSION = 5.0;
				TARGETED_DEVICE_FAMILY = "1,2";
			};
			name = Debug;
		};
		D45C0DA927DC03BF00B75D4A /* Release */ = {
			isa = XCBuildConfiguration;
			buildSettings = {
				ASSETCATALOG_COMPILER_APPICON_NAME = AppIcon;
				ASSETCATALOG_COMPILER_GLOBAL_ACCENT_COLOR_NAME = AccentColor;
				CODE_SIGN_STYLE = Automatic;
				CURRENT_PROJECT_VERSION = 1;
				DEVELOPMENT_TEAM = PGB4ZFDG33;
				GENERATE_INFOPLIST_FILE = YES;
				INFOPLIST_FILE = meep/Info.plist;
				INFOPLIST_KEY_UIApplicationSupportsIndirectInputEvents = YES;
				INFOPLIST_KEY_UILaunchStoryboardName = LaunchScreen;
				INFOPLIST_KEY_UISupportedInterfaceOrientations_iPad = "UIInterfaceOrientationPortrait UIInterfaceOrientationPortraitUpsideDown UIInterfaceOrientationLandscapeLeft UIInterfaceOrientationLandscapeRight";
				INFOPLIST_KEY_UISupportedInterfaceOrientations_iPhone = "UIInterfaceOrientationPortrait UIInterfaceOrientationLandscapeLeft UIInterfaceOrientationLandscapeRight";
				LD_RUNPATH_SEARCH_PATHS = (
					"$(inherited)",
					"@executable_path/Frameworks",
				);
				MARKETING_VERSION = 1.0;
				PRODUCT_BUNDLE_IDENTIFIER = com.example.oguzhan.meep;
				PRODUCT_NAME = "$(TARGET_NAME)";
				SWIFT_EMIT_LOC_STRINGS = YES;
				SWIFT_VERSION = 5.0;
				TARGETED_DEVICE_FAMILY = "1,2";
			};
			name = Release;
		};
		D45C0DAB27DC03BF00B75D4A /* Debug */ = {
			isa = XCBuildConfiguration;
			buildSettings = {
				ALWAYS_EMBED_SWIFT_STANDARD_LIBRARIES = YES;
				BUNDLE_LOADER = "$(TEST_HOST)";
				CODE_SIGN_STYLE = Automatic;
				CURRENT_PROJECT_VERSION = 1;
				DEVELOPMENT_TEAM = PGB4ZFDG33;
				GENERATE_INFOPLIST_FILE = YES;
				IPHONEOS_DEPLOYMENT_TARGET = 15.2;
				MARKETING_VERSION = 1.0;
				PRODUCT_BUNDLE_IDENTIFIER = com.example.oguzhan.meepTests;
				PRODUCT_NAME = "$(TARGET_NAME)";
				SWIFT_EMIT_LOC_STRINGS = NO;
				SWIFT_VERSION = 5.0;
				TARGETED_DEVICE_FAMILY = "1,2";
				TEST_HOST = "$(BUILT_PRODUCTS_DIR)/meep.app/meep";
			};
			name = Debug;
		};
		D45C0DAC27DC03BF00B75D4A /* Release */ = {
			isa = XCBuildConfiguration;
			buildSettings = {
				ALWAYS_EMBED_SWIFT_STANDARD_LIBRARIES = YES;
				BUNDLE_LOADER = "$(TEST_HOST)";
				CODE_SIGN_STYLE = Automatic;
				CURRENT_PROJECT_VERSION = 1;
				DEVELOPMENT_TEAM = PGB4ZFDG33;
				GENERATE_INFOPLIST_FILE = YES;
				IPHONEOS_DEPLOYMENT_TARGET = 15.2;
				MARKETING_VERSION = 1.0;
				PRODUCT_BUNDLE_IDENTIFIER = com.example.oguzhan.meepTests;
				PRODUCT_NAME = "$(TARGET_NAME)";
				SWIFT_EMIT_LOC_STRINGS = NO;
				SWIFT_VERSION = 5.0;
				TARGETED_DEVICE_FAMILY = "1,2";
				TEST_HOST = "$(BUILT_PRODUCTS_DIR)/meep.app/meep";
			};
			name = Release;
		};
		D45C0DAE27DC03BF00B75D4A /* Debug */ = {
			isa = XCBuildConfiguration;
			buildSettings = {
				ALWAYS_EMBED_SWIFT_STANDARD_LIBRARIES = YES;
				CODE_SIGN_STYLE = Automatic;
				CURRENT_PROJECT_VERSION = 1;
				DEVELOPMENT_TEAM = PGB4ZFDG33;
				GENERATE_INFOPLIST_FILE = YES;
				MARKETING_VERSION = 1.0;
				PRODUCT_BUNDLE_IDENTIFIER = com.example.oguzhan.meepUITests;
				PRODUCT_NAME = "$(TARGET_NAME)";
				SWIFT_EMIT_LOC_STRINGS = NO;
				SWIFT_VERSION = 5.0;
				TARGETED_DEVICE_FAMILY = "1,2";
				TEST_TARGET_NAME = meep;
			};
			name = Debug;
		};
		D45C0DAF27DC03BF00B75D4A /* Release */ = {
			isa = XCBuildConfiguration;
			buildSettings = {
				ALWAYS_EMBED_SWIFT_STANDARD_LIBRARIES = YES;
				CODE_SIGN_STYLE = Automatic;
				CURRENT_PROJECT_VERSION = 1;
				DEVELOPMENT_TEAM = PGB4ZFDG33;
				GENERATE_INFOPLIST_FILE = YES;
				MARKETING_VERSION = 1.0;
				PRODUCT_BUNDLE_IDENTIFIER = com.example.oguzhan.meepUITests;
				PRODUCT_NAME = "$(TARGET_NAME)";
				SWIFT_EMIT_LOC_STRINGS = NO;
				SWIFT_VERSION = 5.0;
				TARGETED_DEVICE_FAMILY = "1,2";
				TEST_TARGET_NAME = meep;
			};
			name = Release;
		};
/* End XCBuildConfiguration section */

/* Begin XCConfigurationList section */
		D45C0D7827DC03BB00B75D4A /* Build configuration list for PBXProject "meep" */ = {
			isa = XCConfigurationList;
			buildConfigurations = (
				D45C0DA527DC03BF00B75D4A /* Debug */,
				D45C0DA627DC03BF00B75D4A /* Release */,
			);
			defaultConfigurationIsVisible = 0;
			defaultConfigurationName = Release;
		};
		D45C0DA727DC03BF00B75D4A /* Build configuration list for PBXNativeTarget "meep" */ = {
			isa = XCConfigurationList;
			buildConfigurations = (
				D45C0DA827DC03BF00B75D4A /* Debug */,
				D45C0DA927DC03BF00B75D4A /* Release */,
			);
			defaultConfigurationIsVisible = 0;
			defaultConfigurationName = Release;
		};
		D45C0DAA27DC03BF00B75D4A /* Build configuration list for PBXNativeTarget "meepTests" */ = {
			isa = XCConfigurationList;
			buildConfigurations = (
				D45C0DAB27DC03BF00B75D4A /* Debug */,
				D45C0DAC27DC03BF00B75D4A /* Release */,
			);
			defaultConfigurationIsVisible = 0;
			defaultConfigurationName = Release;
		};
		D45C0DAD27DC03BF00B75D4A /* Build configuration list for PBXNativeTarget "meepUITests" */ = {
			isa = XCConfigurationList;
			buildConfigurations = (
				D45C0DAE27DC03BF00B75D4A /* Debug */,
				D45C0DAF27DC03BF00B75D4A /* Release */,
			);
			defaultConfigurationIsVisible = 0;
			defaultConfigurationName = Release;
		};
/* End XCConfigurationList section */

/* Begin XCRemoteSwiftPackageReference section */
		D426BFA527F8848000A11E9A /* XCRemoteSwiftPackageReference "Alamofire" */ = {
			isa = XCRemoteSwiftPackageReference;
			repositoryURL = "https://github.com/Alamofire/Alamofire.git";
			requirement = {
				kind = upToNextMajorVersion;
				minimumVersion = 5.5.0;
			};
		};
		D4583BCE27E6EE6B004A2416 /* XCRemoteSwiftPackageReference "Swinject" */ = {
			isa = XCRemoteSwiftPackageReference;
			repositoryURL = "https://github.com/Swinject/Swinject";
			requirement = {
				branch = master;
				kind = branch;
			};
		};
		D45C0DB427DC190900B75D4A /* XCRemoteSwiftPackageReference "SnapKit" */ = {
			isa = XCRemoteSwiftPackageReference;
			repositoryURL = "https://github.com/SnapKit/SnapKit";
			requirement = {
				kind = upToNextMajorVersion;
				minimumVersion = 5.0.0;
			};
		};
		D4A12FD42800DCDC003BF080 /* XCRemoteSwiftPackageReference "SQLite" */ = {
			isa = XCRemoteSwiftPackageReference;
			repositoryURL = "https://github.com/stephencelis/SQLite.swift";
			requirement = {
				kind = upToNextMajorVersion;
				minimumVersion = 0.9.2;
			};
		};
		D4E2990D27FF9C6800A0B7E3 /* XCRemoteSwiftPackageReference "Kingfisher" */ = {
			isa = XCRemoteSwiftPackageReference;
			repositoryURL = "https://github.com/onevcat/Kingfisher";
			requirement = {
				kind = upToNextMajorVersion;
				minimumVersion = 7.0.0;
			};
		};
/* End XCRemoteSwiftPackageReference section */

/* Begin XCSwiftPackageProductDependency section */
		D426BFA627F8848000A11E9A /* Alamofire */ = {
			isa = XCSwiftPackageProductDependency;
			package = D426BFA527F8848000A11E9A /* XCRemoteSwiftPackageReference "Alamofire" */;
			productName = Alamofire;
		};
		D4583BCF27E6EE6B004A2416 /* Swinject */ = {
			isa = XCSwiftPackageProductDependency;
			package = D4583BCE27E6EE6B004A2416 /* XCRemoteSwiftPackageReference "Swinject" */;
			productName = Swinject;
		};
		D45C0DB527DC190900B75D4A /* SnapKit */ = {
			isa = XCSwiftPackageProductDependency;
			package = D45C0DB427DC190900B75D4A /* XCRemoteSwiftPackageReference "SnapKit" */;
			productName = SnapKit;
		};
		D4A12FD52800DCDC003BF080 /* SQLite */ = {
			isa = XCSwiftPackageProductDependency;
			package = D4A12FD42800DCDC003BF080 /* XCRemoteSwiftPackageReference "SQLite" */;
			productName = SQLite;
		};
		D4E2990E27FF9C6800A0B7E3 /* Kingfisher */ = {
			isa = XCSwiftPackageProductDependency;
			package = D4E2990D27FF9C6800A0B7E3 /* XCRemoteSwiftPackageReference "Kingfisher" */;
			productName = Kingfisher;
		};
/* End XCSwiftPackageProductDependency section */
	};
	rootObject = D45C0D7527DC03BB00B75D4A /* Project object */;
}
